
Microsoft Visual Studio Solution File, Format Version 12.00
# Visual Studio Version 17
VisualStudioVersion = 17.5.002.0
MinimumVisualStudioVersion = 10.0.40219.1
Project("{9A19103F-16F7-4668-BE54-9A1E7A4F7556}") = "myApi", "myApi.csproj", "{94A1066C-245A-4DAC-8E54-0557A1B479A0}"
EndProject
Global
	GlobalSection(SolutionConfigurationPlatforms) = preSolution
		Debug|Any CPU = Debug|Any CPU
		Release|Any CPU = Release|Any CPU
	EndGlobalSection
	GlobalSection(ProjectConfigurationPlatforms) = postSolution
		{94A1066C-245A-4DAC-8E54-0557A1B479A0}.Debug|Any CPU.ActiveCfg = Debug|Any CPU
		{94A1066C-245A-4DAC-8E54-0557A1B479A0}.Debug|Any CPU.Build.0 = Debug|Any CPU
		{94A1066C-245A-4DAC-8E54-0557A1B479A0}.Release|Any CPU.ActiveCfg = Release|Any CPU
		{94A1066C-245A-4DAC-8E54-0557A1B479A0}.Release|Any CPU.Build.0 = Release|Any CPU
	EndGlobalSection
	GlobalSection(SolutionProperties) = preSolution
		HideSolutionNode = FALSE
	EndGlobalSection
	GlobalSection(ExtensibilityGlobals) = postSolution
		SolutionGuid = {82E14765-8708-47CA-8EDB-51A7F2A2B5F3}
	EndGlobalSection
EndGlobal
